// !$*UTF8*$!
{
	archiveVersion = 1;
	classes = {
	};
	objectVersion = 77;
	objects = {

/* Begin PBXBuildFile section */
		7735092E2F34EAD100C5471F /* ContainerRuntime.swift in Sources */ = {isa = PBXBuildFile; fileRef = 773508B42F34E4D000C5471F /* ContainerRuntime.swift */; };
		7735094C2F34EB5700C5471F /* KeyValue.swift in Sources */ = {isa = PBXBuildFile; fileRef = 773508892F34E4D000C5471F /* KeyValue.swift */; };
		7735094F2F34EBBA00C5471F /* ContainerProcess.swift in Sources */ = {isa = PBXBuildFile; fileRef = 773508872F34E4D000C5471F /* ContainerProcess.swift */; };
		773509502F34EBBF00C5471F /* ContainerInfo.swift in Sources */ = {isa = PBXBuildFile; fileRef = 773508862F34E4D000C5471F /* ContainerInfo.swift */; };
		773509582F34FC7D00C5471F /* libContainerSystem.dylib in Frameworks */ = {isa = PBXBuildFile; fileRef = 773509102F34EA2F00C5471F /* libContainerSystem.dylib */; };
		77350A742F35A14000C5471F /* ContainerAPIClient in Frameworks */ = {isa = PBXBuildFile; productRef = 77350A732F35A14000C5471F /* ContainerAPIClient */; };
		77350A762F35A14000C5471F /* ContainerAPIService in Frameworks */ = {isa = PBXBuildFile; productRef = 77350A752F35A14000C5471F /* ContainerAPIService */; };
		77350A782F35A14000C5471F /* ContainerBuild in Frameworks */ = {isa = PBXBuildFile; productRef = 77350A772F35A14000C5471F /* ContainerBuild */; };
		77350A7A2F35A14000C5471F /* ContainerCommands in Frameworks */ = {isa = PBXBuildFile; productRef = 77350A792F35A14000C5471F /* ContainerCommands */; };
		77350A7C2F35A14000C5471F /* ContainerImagesService in Frameworks */ = {isa = PBXBuildFile; productRef = 77350A7B2F35A14000C5471F /* ContainerImagesService */; };
		77350A7E2F35A14000C5471F /* ContainerLog in Frameworks */ = {isa = PBXBuildFile; productRef = 77350A7D2F35A14000C5471F /* ContainerLog */; };
		77350A802F35A14000C5471F /* ContainerNetworkService in Frameworks */ = {isa = PBXBuildFile; productRef = 77350A7F2F35A14000C5471F /* ContainerNetworkService */; };
		77350A822F35A14000C5471F /* ContainerPersistence in Frameworks */ = {isa = PBXBuildFile; productRef = 77350A812F35A14000C5471F /* ContainerPersistence */; };
		77350BA92F35B17100C5471F /* libContainerSystem.dylib in Embed Libraries */ = {isa = PBXBuildFile; fileRef = 773509102F34EA2F00C5471F /* libContainerSystem.dylib */; settings = {ATTRIBUTES = (CodeSignOnCopy, ); }; };
		77350BAB2F35B53700C5471F /* libContainerSystem.dylib in Frameworks */ = {isa = PBXBuildFile; fileRef = 773509102F34EA2F00C5471F /* libContainerSystem.dylib */; };
		77350BAC2F35B53700C5471F /* libContainerSystem.dylib in Embed Libraries */ = {isa = PBXBuildFile; fileRef = 773509102F34EA2F00C5471F /* libContainerSystem.dylib */; settings = {ATTRIBUTES = (CodeSignOnCopy, ); }; };
		77BA16482F38B1E800D8903B /* ContainerRuntime+Prerequisites.swift in Sources */ = {isa = PBXBuildFile; fileRef = 77BA16462F38B15500D8903B /* ContainerRuntime+Prerequisites.swift */; };
		77BA16492F38B1ED00D8903B /* ContainerRuntime+Plugins.swift in Sources */ = {isa = PBXBuildFile; fileRef = 77BA16442F38B13600D8903B /* ContainerRuntime+Plugins.swift */; };
		77BA164B2F38B3A400D8903B /* ContainerRuntime+Services.swift in Sources */ = {isa = PBXBuildFile; fileRef = 77BA164A2F38B3A400D8903B /* ContainerRuntime+Services.swift */; };
		77D77D692F3A254F00FB803D /* ServerStream+Transfers.swift in Sources */ = {isa = PBXBuildFile; fileRef = 77D77D682F3A253A00FB803D /* ServerStream+Transfers.swift */; };
		77D77D6B2F3A255B00FB803D /* ImageTransfer+Metadata.swift in Sources */ = {isa = PBXBuildFile; fileRef = 77D77D6A2F3A255B00FB803D /* ImageTransfer+Metadata.swift */; };
/* End PBXBuildFile section */

/* Begin PBXContainerItemProxy section */
		773509142F34EA4700C5471F /* PBXContainerItemProxy */ = {
			isa = PBXContainerItemProxy;
			containerPortal = 9829EC3A2E17BA3C00A9F8D3 /* Project object */;
			proxyType = 1;
			remoteGlobalIDString = 7735090F2F34EA2F00C5471F;
			remoteInfo = ContainerSystem;
		};
		7735094D2F34EB8100C5471F /* PBXContainerItemProxy */ = {
			isa = PBXContainerItemProxy;
			containerPortal = 9829EC3A2E17BA3C00A9F8D3 /* Project object */;
			proxyType = 1;
			remoteGlobalIDString = 7735090F2F34EA2F00C5471F;
			remoteInfo = ContainerSystem;
		};
		77350BAD2F35B53700C5471F /* PBXContainerItemProxy */ = {
			isa = PBXContainerItemProxy;
			containerPortal = 9829EC3A2E17BA3C00A9F8D3 /* Project object */;
			proxyType = 1;
			remoteGlobalIDString = 7735090F2F34EA2F00C5471F;
			remoteInfo = ContainerSystem;
		};
/* End PBXContainerItemProxy section */

/* Begin PBXCopyFilesBuildPhase section */
		77350BAA2F35B17100C5471F /* Embed Libraries */ = {
			isa = PBXCopyFilesBuildPhase;
			buildActionMask = 2147483647;
			dstPath = "";
			dstSubfolderSpec = 10;
			files = (
				77350BA92F35B17100C5471F /* libContainerSystem.dylib in Embed Libraries */,
			);
			name = "Embed Libraries";
			runOnlyForDeploymentPostprocessing = 0;
		};
		77350BAF2F35B53700C5471F /* Embed Libraries */ = {
			isa = PBXCopyFilesBuildPhase;
			buildActionMask = 2147483647;
			dstPath = "";
			dstSubfolderSpec = 10;
			files = (
				77350BAC2F35B53700C5471F /* libContainerSystem.dylib in Embed Libraries */,
			);
			name = "Embed Libraries";
			runOnlyForDeploymentPostprocessing = 0;
		};
/* End PBXCopyFilesBuildPhase section */

/* Begin PBXFileReference section */
		773508642F34E40500C5471F /* ContainerSystemTests.xctest */ = {isa = PBXFileReference; explicitFileType = wrapper.cfbundle; includeInIndex = 0; path = ContainerSystemTests.xctest; sourceTree = BUILT_PRODUCTS_DIR; };
		773508862F34E4D000C5471F /* ContainerInfo.swift */ = {isa = PBXFileReference; lastKnownFileType = sourcecode.swift; path = ContainerInfo.swift; sourceTree = "<group>"; };
		773508872F34E4D000C5471F /* ContainerProcess.swift */ = {isa = PBXFileReference; lastKnownFileType = sourcecode.swift; path = ContainerProcess.swift; sourceTree = "<group>"; };
		773508892F34E4D000C5471F /* KeyValue.swift */ = {isa = PBXFileReference; lastKnownFileType = sourcecode.swift; path = KeyValue.swift; sourceTree = "<group>"; };
		773508B42F34E4D000C5471F /* ContainerRuntime.swift */ = {isa = PBXFileReference; lastKnownFileType = sourcecode.swift; path = ContainerRuntime.swift; sourceTree = "<group>"; };
		773509102F34EA2F00C5471F /* libContainerSystem.dylib */ = {isa = PBXFileReference; explicitFileType = "compiled.mach-o.dylib"; includeInIndex = 0; path = libContainerSystem.dylib; sourceTree = BUILT_PRODUCTS_DIR; };
		77BA16442F38B13600D8903B /* ContainerRuntime+Plugins.swift */ = {isa = PBXFileReference; lastKnownFileType = sourcecode.swift; path = "ContainerRuntime+Plugins.swift"; sourceTree = "<group>"; };
		77BA16462F38B15500D8903B /* ContainerRuntime+Prerequisites.swift */ = {isa = PBXFileReference; lastKnownFileType = sourcecode.swift; path = "ContainerRuntime+Prerequisites.swift"; sourceTree = "<group>"; };
		77BA164A2F38B3A400D8903B /* ContainerRuntime+Services.swift */ = {isa = PBXFileReference; lastKnownFileType = sourcecode.swift; path = "ContainerRuntime+Services.swift"; sourceTree = "<group>"; };
		77D77D682F3A253A00FB803D /* ServerStream+Transfers.swift */ = {isa = PBXFileReference; lastKnownFileType = sourcecode.swift; path = "ServerStream+Transfers.swift"; sourceTree = "<group>"; };
		77D77D6A2F3A255B00FB803D /* ImageTransfer+Metadata.swift */ = {isa = PBXFileReference; lastKnownFileType = sourcecode.swift; path = "ImageTransfer+Metadata.swift"; sourceTree = "<group>"; };
		9829EC422E17BA3C00A9F8D3 /* Containers.app */ = {isa = PBXFileReference; explicitFileType = wrapper.application; includeInIndex = 0; path = Containers.app; sourceTree = BUILT_PRODUCTS_DIR; };
/* End PBXFileReference section */

/* Begin PBXFileSystemSynchronizedBuildFileExceptionSet section */
		77350E702F3877FE00C5471F /* Exceptions for "Managers" folder in "Containers" target */ = {
			isa = PBXFileSystemSynchronizedBuildFileExceptionSet;
			membershipExceptions = (
				BuilderManager.swift,
				ContainerManager.swift,
				DNSManager.swift,
				ImageManager.swift,
				SystemManager.swift,
				VolumeManager.swift,
			);
			target = 9829EC412E17BA3C00A9F8D3 /* Containers */;
		};
		77350E712F3877FE00C5471F /* Exceptions for "Managers" folder in "ContainerSystem" target */ = {
			isa = PBXFileSystemSynchronizedBuildFileExceptionSet;
			membershipExceptions = (
				BuilderManager.swift,
				ContainerManager.swift,
				DNSManager.swift,
				ImageManager.swift,
				SystemManager.swift,
				VolumeManager.swift,
			);
			target = 7735090F2F34EA2F00C5471F /* ContainerSystem */;
		};
		77350E722F38780400C5471F /* Exceptions for "Services" folder in "Containers" target */ = {
			isa = PBXFileSystemSynchronizedBuildFileExceptionSet;
			membershipExceptions = (
				SandboxedBuilder.swift,
				SandboxedContainersService.swift,
			);
			target = 9829EC412E17BA3C00A9F8D3 /* Containers */;
		};
		77350E742F38780700C5471F /* Exceptions for "Services" folder in "ContainerSystem" target */ = {
			isa = PBXFileSystemSynchronizedBuildFileExceptionSet;
			membershipExceptions = (
				SandboxedBuilder.swift,
				SandboxedContainersService.swift,
			);
			target = 7735090F2F34EA2F00C5471F /* ContainerSystem */;
		};
/* End PBXFileSystemSynchronizedBuildFileExceptionSet section */

/* Begin PBXFileSystemSynchronizedRootGroup section */
		773508652F34E40500C5471F /* ContainerSystemTests */ = {
			isa = PBXFileSystemSynchronizedRootGroup;
			path = ContainerSystemTests;
			sourceTree = "<group>";
		};
		773509182F34EA9600C5471F /* Services */ = {
			isa = PBXFileSystemSynchronizedRootGroup;
			exceptions = (
				77350E722F38780400C5471F /* Exceptions for "Services" folder in "Containers" target */,
				77350E742F38780700C5471F /* Exceptions for "Services" folder in "ContainerSystem" target */,
			);
			path = Services;
			sourceTree = "<group>";
		};
		773509202F34EA9F00C5471F /* Managers */ = {
			isa = PBXFileSystemSynchronizedRootGroup;
			exceptions = (
				77350E702F3877FE00C5471F /* Exceptions for "Managers" folder in "Containers" target */,
				77350E712F3877FE00C5471F /* Exceptions for "Managers" folder in "ContainerSystem" target */,
			);
			path = Managers;
			sourceTree = "<group>";
		};
		9829EC442E17BA3C00A9F8D3 /* Containers */ = {
			isa = PBXFileSystemSynchronizedRootGroup;
			path = Containers;
			sourceTree = "<group>";
		};
/* End PBXFileSystemSynchronizedRootGroup section */

/* Begin PBXFrameworksBuildPhase section */
		773508612F34E40500C5471F /* Frameworks */ = {
			isa = PBXFrameworksBuildPhase;
			buildActionMask = 2147483647;
			files = (
				77350BAB2F35B53700C5471F /* libContainerSystem.dylib in Frameworks */,
			);
			runOnlyForDeploymentPostprocessing = 0;
		};
		7735090E2F34EA2F00C5471F /* Frameworks */ = {
			isa = PBXFrameworksBuildPhase;
			buildActionMask = 2147483647;
			files = (
				77350A742F35A14000C5471F /* ContainerAPIClient in Frameworks */,
				77350A782F35A14000C5471F /* ContainerBuild in Frameworks */,
				77350A7A2F35A14000C5471F /* ContainerCommands in Frameworks */,
				77350A7E2F35A14000C5471F /* ContainerLog in Frameworks */,
				77350A822F35A14000C5471F /* ContainerPersistence in Frameworks */,
				77350A762F35A14000C5471F /* ContainerAPIService in Frameworks */,
				77350A802F35A14000C5471F /* ContainerNetworkService in Frameworks */,
				77350A7C2F35A14000C5471F /* ContainerImagesService in Frameworks */,
			);
			runOnlyForDeploymentPostprocessing = 0;
		};
		9829EC3F2E17BA3C00A9F8D3 /* Frameworks */ = {
			isa = PBXFrameworksBuildPhase;
			buildActionMask = 2147483647;
			files = (
				773509582F34FC7D00C5471F /* libContainerSystem.dylib in Frameworks */,
			);
			runOnlyForDeploymentPostprocessing = 0;
		};
/* End PBXFrameworksBuildPhase section */

/* Begin PBXGroup section */
		773509162F34EA7300C5471F /* ContainerSystem */ = {
			isa = PBXGroup;
			children = (
				77D77D6E2F3A25DF00FB803D /* Extensions */,
				7735094B2F34EB3800C5471F /* Models */,
				773509202F34EA9F00C5471F /* Managers */,
				773509182F34EA9600C5471F /* Services */,
				773508B42F34E4D000C5471F /* ContainerRuntime.swift */,
				77BA16442F38B13600D8903B /* ContainerRuntime+Plugins.swift */,
				77BA16462F38B15500D8903B /* ContainerRuntime+Prerequisites.swift */,
				77BA164A2F38B3A400D8903B /* ContainerRuntime+Services.swift */,
			);
			path = ContainerSystem;
			sourceTree = "<group>";
		};
		7735094B2F34EB3800C5471F /* Models */ = {
			isa = PBXGroup;
			children = (
				773508862F34E4D000C5471F /* ContainerInfo.swift */,
				773508872F34E4D000C5471F /* ContainerProcess.swift */,
				773508892F34E4D000C5471F /* KeyValue.swift */,
			);
			path = Models;
			sourceTree = "<group>";
		};
		77D77D6E2F3A25DF00FB803D /* Extensions */ = {
			isa = PBXGroup;
			children = (
				77D77D6A2F3A255B00FB803D /* ImageTransfer+Metadata.swift */,
				77D77D682F3A253A00FB803D /* ServerStream+Transfers.swift */,
			);
			path = Extensions;
			sourceTree = "<group>";
		};
		77DB33FC2F4078A0006C9BD1 /* Frameworks */ = {
			isa = PBXGroup;
			children = (
			);
			path = Frameworks;
			sourceTree = "<group>";
		};
		9829EC392E17BA3C00A9F8D3 = {
			isa = PBXGroup;
			children = (
				9829EC442E17BA3C00A9F8D3 /* Containers */,
				773509162F34EA7300C5471F /* ContainerSystem */,
				773508652F34E40500C5471F /* ContainerSystemTests */,
				77DB33FC2F4078A0006C9BD1 /* Frameworks */,
				9829EC432E17BA3C00A9F8D3 /* Products */,
			);
			sourceTree = "<group>";
		};
		9829EC432E17BA3C00A9F8D3 /* Products */ = {
			isa = PBXGroup;
			children = (
				9829EC422E17BA3C00A9F8D3 /* Containers.app */,
				773508642F34E40500C5471F /* ContainerSystemTests.xctest */,
				773509102F34EA2F00C5471F /* libContainerSystem.dylib */,
			);
			name = Products;
			sourceTree = "<group>";
		};
/* End PBXGroup section */

/* Begin PBXHeadersBuildPhase section */
		7735090C2F34EA2F00C5471F /* Headers */ = {
			isa = PBXHeadersBuildPhase;
			buildActionMask = 2147483647;
			files = (
			);
			runOnlyForDeploymentPostprocessing = 0;
		};
/* End PBXHeadersBuildPhase section */

/* Begin PBXNativeTarget section */
		773508632F34E40500C5471F /* ContainerSystemTests */ = {
			isa = PBXNativeTarget;
			buildConfigurationList = 7735086A2F34E40500C5471F /* Build configuration list for PBXNativeTarget "ContainerSystemTests" */;
			buildPhases = (
				773508602F34E40500C5471F /* Sources */,
				773508612F34E40500C5471F /* Frameworks */,
				773508622F34E40500C5471F /* Resources */,
				77350BAF2F35B53700C5471F /* Embed Libraries */,
			);
			buildRules = (
			);
			dependencies = (
				773509152F34EA4700C5471F /* PBXTargetDependency */,
				77350BAE2F35B53700C5471F /* PBXTargetDependency */,
			);
			fileSystemSynchronizedGroups = (
				773508652F34E40500C5471F /* ContainerSystemTests */,
			);
			name = ContainerSystemTests;
			packageProductDependencies = (
			);
			productName = ContainersTests;
			productReference = 773508642F34E40500C5471F /* ContainerSystemTests.xctest */;
			productType = "com.apple.product-type.bundle.unit-test";
		};
		7735090F2F34EA2F00C5471F /* ContainerSystem */ = {
			isa = PBXNativeTarget;
			buildConfigurationList = 773509112F34EA2F00C5471F /* Build configuration list for PBXNativeTarget "ContainerSystem" */;
			buildPhases = (
				7735090C2F34EA2F00C5471F /* Headers */,
				7735090D2F34EA2F00C5471F /* Sources */,
				7735090E2F34EA2F00C5471F /* Frameworks */,
			);
			buildRules = (
			);
			dependencies = (
			);
			name = ContainerSystem;
			packageProductDependencies = (
				77350A732F35A14000C5471F /* ContainerAPIClient */,
				77350A752F35A14000C5471F /* ContainerAPIService */,
				77350A772F35A14000C5471F /* ContainerBuild */,
				77350A792F35A14000C5471F /* ContainerCommands */,
				77350A7B2F35A14000C5471F /* ContainerImagesService */,
				77350A7D2F35A14000C5471F /* ContainerLog */,
				77350A7F2F35A14000C5471F /* ContainerNetworkService */,
				77350A812F35A14000C5471F /* ContainerPersistence */,
			);
			productName = ContainerSystem;
			productReference = 773509102F34EA2F00C5471F /* libContainerSystem.dylib */;
			productType = "com.apple.product-type.library.dynamic";
		};
		9829EC412E17BA3C00A9F8D3 /* Containers */ = {
			isa = PBXNativeTarget;
			buildConfigurationList = 9829EC4D2E17BA3D00A9F8D3 /* Build configuration list for PBXNativeTarget "Containers" */;
			buildPhases = (
				9829EC3E2E17BA3C00A9F8D3 /* Sources */,
				9829EC3F2E17BA3C00A9F8D3 /* Frameworks */,
				9829EC402E17BA3C00A9F8D3 /* Resources */,
				77350BAA2F35B17100C5471F /* Embed Libraries */,
			);
			buildRules = (
			);
			dependencies = (
				7735094E2F34EB8100C5471F /* PBXTargetDependency */,
			);
			fileSystemSynchronizedGroups = (
				773509182F34EA9600C5471F /* Services */,
				773509202F34EA9F00C5471F /* Managers */,
				9829EC442E17BA3C00A9F8D3 /* Containers */,
			);
			name = Containers;
			packageProductDependencies = (
			);
			productName = AppleContainerDesktop;
			productReference = 9829EC422E17BA3C00A9F8D3 /* Containers.app */;
			productType = "com.apple.product-type.application";
		};
/* End PBXNativeTarget section */

/* Begin PBXProject section */
		9829EC3A2E17BA3C00A9F8D3 /* Project object */ = {
			isa = PBXProject;
			attributes = {
				BuildIndependentTargetsInParallel = 1;
				LastSwiftUpdateCheck = 2630;
				LastUpgradeCheck = 2630;
				TargetAttributes = {
					773508632F34E40500C5471F = {
						CreatedOnToolsVersion = 26.3;
					};
					7735090F2F34EA2F00C5471F = {
						CreatedOnToolsVersion = 26.3;
					};
					9829EC412E17BA3C00A9F8D3 = {
						CreatedOnToolsVersion = 26.0;
					};
				};
			};
			buildConfigurationList = 9829EC3D2E17BA3C00A9F8D3 /* Build configuration list for PBXProject "Containers" */;
			developmentRegion = en;
			hasScannedForEncodings = 0;
			knownRegions = (
				en,
				Base,
			);
			mainGroup = 9829EC392E17BA3C00A9F8D3;
			minimizedProjectReferenceProxies = 1;
			packageReferences = (
				77350A722F35A14000C5471F /* XCRemoteSwiftPackageReference "container" */,
			);
			preferredProjectObjectVersion = 77;
			productRefGroup = 9829EC432E17BA3C00A9F8D3 /* Products */;
			projectDirPath = "";
			projectRoot = "";
			targets = (
				9829EC412E17BA3C00A9F8D3 /* Containers */,
				7735090F2F34EA2F00C5471F /* ContainerSystem */,
				773508632F34E40500C5471F /* ContainerSystemTests */,
			);
		};
/* End PBXProject section */

/* Begin PBXResourcesBuildPhase section */
		773508622F34E40500C5471F /* Resources */ = {
			isa = PBXResourcesBuildPhase;
			buildActionMask = 2147483647;
			files = (
			);
			runOnlyForDeploymentPostprocessing = 0;
		};
		9829EC402E17BA3C00A9F8D3 /* Resources */ = {
			isa = PBXResourcesBuildPhase;
			buildActionMask = 2147483647;
			files = (
			);
			runOnlyForDeploymentPostprocessing = 0;
		};
/* End PBXResourcesBuildPhase section */

/* Begin PBXSourcesBuildPhase section */
		773508602F34E40500C5471F /* Sources */ = {
			isa = PBXSourcesBuildPhase;
			buildActionMask = 2147483647;
			files = (
			);
			runOnlyForDeploymentPostprocessing = 0;
		};
		7735090D2F34EA2F00C5471F /* Sources */ = {
			isa = PBXSourcesBuildPhase;
			buildActionMask = 2147483647;
			files = (
				7735094C2F34EB5700C5471F /* KeyValue.swift in Sources */,
				77D77D6B2F3A255B00FB803D /* ImageTransfer+Metadata.swift in Sources */,
				77BA16492F38B1ED00D8903B /* ContainerRuntime+Plugins.swift in Sources */,
				77BA164B2F38B3A400D8903B /* ContainerRuntime+Services.swift in Sources */,
				77BA16482F38B1E800D8903B /* ContainerRuntime+Prerequisites.swift in Sources */,
				773509502F34EBBF00C5471F /* ContainerInfo.swift in Sources */,
				77D77D692F3A254F00FB803D /* ServerStream+Transfers.swift in Sources */,
				7735094F2F34EBBA00C5471F /* ContainerProcess.swift in Sources */,
				7735092E2F34EAD100C5471F /* ContainerRuntime.swift in Sources */,
			);
			runOnlyForDeploymentPostprocessing = 0;
		};
		9829EC3E2E17BA3C00A9F8D3 /* Sources */ = {
			isa = PBXSourcesBuildPhase;
			buildActionMask = 2147483647;
			files = (
			);
			runOnlyForDeploymentPostprocessing = 0;
		};
/* End PBXSourcesBuildPhase section */

/* Begin PBXTargetDependency section */
		773509152F34EA4700C5471F /* PBXTargetDependency */ = {
			isa = PBXTargetDependency;
			target = 7735090F2F34EA2F00C5471F /* ContainerSystem */;
			targetProxy = 773509142F34EA4700C5471F /* PBXContainerItemProxy */;
		};
		7735094E2F34EB8100C5471F /* PBXTargetDependency */ = {
			isa = PBXTargetDependency;
			target = 7735090F2F34EA2F00C5471F /* ContainerSystem */;
			targetProxy = 7735094D2F34EB8100C5471F /* PBXContainerItemProxy */;
		};
		77350BAE2F35B53700C5471F /* PBXTargetDependency */ = {
			isa = PBXTargetDependency;
			target = 7735090F2F34EA2F00C5471F /* ContainerSystem */;
			targetProxy = 77350BAD2F35B53700C5471F /* PBXContainerItemProxy */;
		};
/* End PBXTargetDependency section */

/* Begin XCBuildConfiguration section */
		7735086B2F34E40500C5471F /* Debug */ = {
			isa = XCBuildConfiguration;
			buildSettings = {
				CODE_SIGN_STYLE = Automatic;
				CURRENT_PROJECT_VERSION = 1;
				DEVELOPMENT_TEAM = ZTW69M5NDR;
				GENERATE_INFOPLIST_FILE = YES;
				MACOSX_DEPLOYMENT_TARGET = 26.2;
				MARKETING_VERSION = 1.0;
				PRODUCT_BUNDLE_IDENTIFIER = app.Index.ContainersTests;
				PRODUCT_NAME = "$(TARGET_NAME)";
				STRING_CATALOG_GENERATE_SYMBOLS = NO;
				SWIFT_APPROACHABLE_CONCURRENCY = YES;
				SWIFT_EMIT_LOC_STRINGS = NO;
				SWIFT_UPCOMING_FEATURE_MEMBER_IMPORT_VISIBILITY = YES;
				SWIFT_VERSION = 5.0;
			};
			name = Debug;
		};
		7735086C2F34E40500C5471F /* Release */ = {
			isa = XCBuildConfiguration;
			buildSettings = {
				CODE_SIGN_STYLE = Automatic;
				CURRENT_PROJECT_VERSION = 1;
				DEVELOPMENT_TEAM = ZTW69M5NDR;
				GENERATE_INFOPLIST_FILE = YES;
				MACOSX_DEPLOYMENT_TARGET = 26.2;
				MARKETING_VERSION = 1.0;
				PRODUCT_BUNDLE_IDENTIFIER = app.Index.ContainersTests;
				PRODUCT_NAME = "$(TARGET_NAME)";
				STRING_CATALOG_GENERATE_SYMBOLS = NO;
				SWIFT_APPROACHABLE_CONCURRENCY = YES;
				SWIFT_EMIT_LOC_STRINGS = NO;
				SWIFT_UPCOMING_FEATURE_MEMBER_IMPORT_VISIBILITY = YES;
				SWIFT_VERSION = 5.0;
			};
			name = Release;
		};
		773509122F34EA2F00C5471F /* Debug */ = {
			isa = XCBuildConfiguration;
			buildSettings = {
				CODE_SIGN_STYLE = Automatic;
				DEVELOPMENT_TEAM = ZTW69M5NDR;
				DYLIB_COMPATIBILITY_VERSION = 1;
				DYLIB_CURRENT_VERSION = 1;
				DYLIB_INSTALL_NAME_BASE = "@executable_path/../Frameworks";
				EXECUTABLE_PREFIX = lib;
				MACOSX_DEPLOYMENT_TARGET = 26.2;
				OTHER_SWIFT_FLAGS = "";
				PRODUCT_NAME = "$(TARGET_NAME)";
				SKIP_INSTALL = YES;
			};
			name = Debug;
		};
		773509132F34EA2F00C5471F /* Release */ = {
			isa = XCBuildConfiguration;
			buildSettings = {
				CODE_SIGN_STYLE = Automatic;
				DEVELOPMENT_TEAM = ZTW69M5NDR;
				DYLIB_COMPATIBILITY_VERSION = 1;
				DYLIB_CURRENT_VERSION = 1;
				DYLIB_INSTALL_NAME_BASE = "@executable_path/../Frameworks";
				EXECUTABLE_PREFIX = lib;
				MACOSX_DEPLOYMENT_TARGET = 26.2;
				OTHER_SWIFT_FLAGS = "";
				PRODUCT_NAME = "$(TARGET_NAME)";
				SKIP_INSTALL = YES;
			};
			name = Release;
		};
		9829EC4B2E17BA3D00A9F8D3 /* Debug */ = {
			isa = XCBuildConfiguration;
			buildSettings = {
				ALWAYS_SEARCH_USER_PATHS = NO;
				ASSETCATALOG_COMPILER_GENERATE_SWIFT_ASSET_SYMBOL_EXTENSIONS = YES;
				CLANG_ANALYZER_NONNULL = YES;
				CLANG_ANALYZER_NUMBER_OBJECT_CONVERSION = YES_AGGRESSIVE;
				CLANG_CXX_LANGUAGE_STANDARD = "gnu++20";
				CLANG_ENABLE_MODULES = YES;
				CLANG_ENABLE_OBJC_ARC = YES;
				CLANG_ENABLE_OBJC_WEAK = YES;
				CLANG_WARN_BLOCK_CAPTURE_AUTORELEASING = YES;
				CLANG_WARN_BOOL_CONVERSION = YES;
				CLANG_WARN_COMMA = YES;
				CLANG_WARN_CONSTANT_CONVERSION = YES;
				CLANG_WARN_DEPRECATED_OBJC_IMPLEMENTATIONS = YES;
				CLANG_WARN_DIRECT_OBJC_ISA_USAGE = YES_ERROR;
				CLANG_WARN_DOCUMENTATION_COMMENTS = YES;
				CLANG_WARN_EMPTY_BODY = YES;
				CLANG_WARN_ENUM_CONVERSION = YES;
				CLANG_WARN_INFINITE_RECURSION = YES;
				CLANG_WARN_INT_CONVERSION = YES;
				CLANG_WARN_NON_LITERAL_NULL_CONVERSION = YES;
				CLANG_WARN_OBJC_IMPLICIT_RETAIN_SELF = YES;
				CLANG_WARN_OBJC_LITERAL_CONVERSION = YES;
				CLANG_WARN_OBJC_ROOT_CLASS = YES_ERROR;
				CLANG_WARN_QUOTED_INCLUDE_IN_FRAMEWORK_HEADER = YES;
				CLANG_WARN_RANGE_LOOP_ANALYSIS = YES;
				CLANG_WARN_STRICT_PROTOTYPES = YES;
				CLANG_WARN_SUSPICIOUS_MOVE = YES;
				CLANG_WARN_UNGUARDED_AVAILABILITY = YES_AGGRESSIVE;
				CLANG_WARN_UNREACHABLE_CODE = YES;
				CLANG_WARN__DUPLICATE_METHOD_MATCH = YES;
				COPY_PHASE_STRIP = NO;
				DEAD_CODE_STRIPPING = YES;
				DEBUG_INFORMATION_FORMAT = dwarf;
				DEVELOPMENT_TEAM = NLTYK5T6U3;
				ENABLE_STRICT_OBJC_MSGSEND = YES;
				ENABLE_TESTABILITY = YES;
				ENABLE_USER_SCRIPT_SANDBOXING = YES;
				GCC_C_LANGUAGE_STANDARD = gnu17;
				GCC_DYNAMIC_NO_PIC = NO;
				GCC_NO_COMMON_BLOCKS = YES;
				GCC_OPTIMIZATION_LEVEL = 0;
				GCC_PREPROCESSOR_DEFINITIONS = (
					"DEBUG=1",
					"$(inherited)",
				);
				GCC_WARN_64_TO_32_BIT_CONVERSION = YES;
				GCC_WARN_ABOUT_RETURN_TYPE = YES_ERROR;
				GCC_WARN_UNDECLARED_SELECTOR = YES;
				GCC_WARN_UNINITIALIZED_AUTOS = YES_AGGRESSIVE;
				GCC_WARN_UNUSED_FUNCTION = YES;
				GCC_WARN_UNUSED_VARIABLE = YES;
				LOCALIZATION_PREFERS_STRING_CATALOGS = YES;
				MACOSX_DEPLOYMENT_TARGET = 26.2;
				MTL_ENABLE_DEBUG_INFO = INCLUDE_SOURCE;
				MTL_FAST_MATH = YES;
				ONLY_ACTIVE_ARCH = YES;
				SDKROOT = macosx;
				STRING_CATALOG_GENERATE_SYMBOLS = YES;
				SWIFT_ACTIVE_COMPILATION_CONDITIONS = "DEBUG $(inherited)";
				SWIFT_OPTIMIZATION_LEVEL = "-Onone";
				SWIFT_VERSION = 6.0;
			};
			name = Debug;
		};
		9829EC4C2E17BA3D00A9F8D3 /* Release */ = {
			isa = XCBuildConfiguration;
			buildSettings = {
				ALWAYS_SEARCH_USER_PATHS = NO;
				ASSETCATALOG_COMPILER_GENERATE_SWIFT_ASSET_SYMBOL_EXTENSIONS = YES;
				CLANG_ANALYZER_NONNULL = YES;
				CLANG_ANALYZER_NUMBER_OBJECT_CONVERSION = YES_AGGRESSIVE;
				CLANG_CXX_LANGUAGE_STANDARD = "gnu++20";
				CLANG_ENABLE_MODULES = YES;
				CLANG_ENABLE_OBJC_ARC = YES;
				CLANG_ENABLE_OBJC_WEAK = YES;
				CLANG_WARN_BLOCK_CAPTURE_AUTORELEASING = YES;
				CLANG_WARN_BOOL_CONVERSION = YES;
				CLANG_WARN_COMMA = YES;
				CLANG_WARN_CONSTANT_CONVERSION = YES;
				CLANG_WARN_DEPRECATED_OBJC_IMPLEMENTATIONS = YES;
				CLANG_WARN_DIRECT_OBJC_ISA_USAGE = YES_ERROR;
				CLANG_WARN_DOCUMENTATION_COMMENTS = YES;
				CLANG_WARN_EMPTY_BODY = YES;
				CLANG_WARN_ENUM_CONVERSION = YES;
				CLANG_WARN_INFINITE_RECURSION = YES;
				CLANG_WARN_INT_CONVERSION = YES;
				CLANG_WARN_NON_LITERAL_NULL_CONVERSION = YES;
				CLANG_WARN_OBJC_IMPLICIT_RETAIN_SELF = YES;
				CLANG_WARN_OBJC_LITERAL_CONVERSION = YES;
				CLANG_WARN_OBJC_ROOT_CLASS = YES_ERROR;
				CLANG_WARN_QUOTED_INCLUDE_IN_FRAMEWORK_HEADER = YES;
				CLANG_WARN_RANGE_LOOP_ANALYSIS = YES;
				CLANG_WARN_STRICT_PROTOTYPES = YES;
				CLANG_WARN_SUSPICIOUS_MOVE = YES;
				CLANG_WARN_UNGUARDED_AVAILABILITY = YES_AGGRESSIVE;
				CLANG_WARN_UNREACHABLE_CODE = YES;
				CLANG_WARN__DUPLICATE_METHOD_MATCH = YES;
				COPY_PHASE_STRIP = NO;
				DEAD_CODE_STRIPPING = YES;
				DEBUG_INFORMATION_FORMAT = "dwarf-with-dsym";
				DEVELOPMENT_TEAM = NLTYK5T6U3;
				ENABLE_NS_ASSERTIONS = NO;
				ENABLE_STRICT_OBJC_MSGSEND = YES;
				ENABLE_USER_SCRIPT_SANDBOXING = YES;
				GCC_C_LANGUAGE_STANDARD = gnu17;
				GCC_NO_COMMON_BLOCKS = YES;
				GCC_WARN_64_TO_32_BIT_CONVERSION = YES;
				GCC_WARN_ABOUT_RETURN_TYPE = YES_ERROR;
				GCC_WARN_UNDECLARED_SELECTOR = YES;
				GCC_WARN_UNINITIALIZED_AUTOS = YES_AGGRESSIVE;
				GCC_WARN_UNUSED_FUNCTION = YES;
				GCC_WARN_UNUSED_VARIABLE = YES;
				LOCALIZATION_PREFERS_STRING_CATALOGS = YES;
				MACOSX_DEPLOYMENT_TARGET = 26.2;
				MTL_ENABLE_DEBUG_INFO = NO;
				MTL_FAST_MATH = YES;
				SDKROOT = macosx;
				STRING_CATALOG_GENERATE_SYMBOLS = YES;
				SWIFT_COMPILATION_MODE = wholemodule;
				SWIFT_VERSION = 6.0;
			};
			name = Release;
		};
		9829EC4E2E17BA3D00A9F8D3 /* Debug */ = {
			isa = XCBuildConfiguration;
			buildSettings = {
				ASSETCATALOG_COMPILER_APPICON_NAME = Containers;
				ASSETCATALOG_COMPILER_GLOBAL_ACCENT_COLOR_NAME = AccentColor;
				AUTOMATION_APPLE_EVENTS = NO;
				CODE_SIGN_ENTITLEMENTS = "Containers/Supporting Files/Containers.entitlements";
				CODE_SIGN_STYLE = Automatic;
				COMBINE_HIDPI_IMAGES = YES;
				CURRENT_PROJECT_VERSION = 4;
				DEAD_CODE_STRIPPING = YES;
				DEVELOPMENT_TEAM = ZTW69M5NDR;
				ENABLE_APP_SANDBOX = YES;
				ENABLE_HARDENED_RUNTIME = YES;
				ENABLE_INCOMING_NETWORK_CONNECTIONS = YES;
				ENABLE_OUTGOING_NETWORK_CONNECTIONS = YES;
				ENABLE_PREVIEWS = YES;
				ENABLE_RESOURCE_ACCESS_AUDIO_INPUT = NO;
				ENABLE_RESOURCE_ACCESS_CALENDARS = NO;
				ENABLE_RESOURCE_ACCESS_CAMERA = NO;
				ENABLE_RESOURCE_ACCESS_CONTACTS = NO;
				ENABLE_RESOURCE_ACCESS_LOCATION = NO;
				ENABLE_RESOURCE_ACCESS_PHOTO_LIBRARY = NO;
				ENABLE_USER_SCRIPT_SANDBOXING = NO;
				ENABLE_USER_SELECTED_FILES = readwrite;
				EXCLUDED_ARCHS = "x86-64";
				GENERATE_INFOPLIST_FILE = YES;
				INFOPLIST_KEY_CFBundleDisplayName = Containers;
				INFOPLIST_KEY_LSApplicationCategoryType = "public.app-category.productivity";
				INFOPLIST_KEY_LSUIElement = YES;
				INFOPLIST_KEY_NSHumanReadableCopyright = "";
				INFOPLIST_KEY_UIUserInterfaceStyle = Dark;
				LD_RUNPATH_SEARCH_PATHS = (
					"$(inherited)",
					"@executable_path/../Frameworks",
				);
				MACOSX_DEPLOYMENT_TARGET = 26.2;
				MARKETING_VERSION = 0.1;
				OTHER_SWIFT_FLAGS = "";
				PRODUCT_BUNDLE_IDENTIFIER = app.containers.Containers;
				PRODUCT_NAME = "$(TARGET_NAME)";
				REGISTER_APP_GROUPS = YES;
				RUNTIME_EXCEPTION_ALLOW_DYLD_ENVIRONMENT_VARIABLES = NO;
				RUNTIME_EXCEPTION_ALLOW_JIT = NO;
				RUNTIME_EXCEPTION_ALLOW_UNSIGNED_EXECUTABLE_MEMORY = NO;
				RUNTIME_EXCEPTION_DEBUGGING_TOOL = NO;
				RUNTIME_EXCEPTION_DISABLE_EXECUTABLE_PAGE_PROTECTION = NO;
				RUNTIME_EXCEPTION_DISABLE_LIBRARY_VALIDATION = NO;
				STRING_CATALOG_GENERATE_SYMBOLS = YES;
				SWIFT_DEFAULT_ACTOR_ISOLATION = MainActor;
				SWIFT_EMIT_LOC_STRINGS = YES;
				SWIFT_UPCOMING_FEATURE_MEMBER_IMPORT_VISIBILITY = YES;
				SWIFT_VERSION = 6.0;
			};
			name = Debug;
		};
		9829EC4F2E17BA3D00A9F8D3 /* Release */ = {
			isa = XCBuildConfiguration;
			buildSettings = {
				ASSETCATALOG_COMPILER_APPICON_NAME = Containers;
				ASSETCATALOG_COMPILER_GLOBAL_ACCENT_COLOR_NAME = AccentColor;
				AUTOMATION_APPLE_EVENTS = NO;
				CODE_SIGN_ENTITLEMENTS = "Containers/Supporting Files/Containers.entitlements";
				CODE_SIGN_STYLE = Automatic;
				COMBINE_HIDPI_IMAGES = YES;
				CURRENT_PROJECT_VERSION = 4;
				DEAD_CODE_STRIPPING = YES;
				DEVELOPMENT_TEAM = ZTW69M5NDR;
				ENABLE_APP_SANDBOX = YES;
				ENABLE_HARDENED_RUNTIME = YES;
				ENABLE_INCOMING_NETWORK_CONNECTIONS = YES;
				ENABLE_OUTGOING_NETWORK_CONNECTIONS = YES;
				ENABLE_PREVIEWS = YES;
				ENABLE_RESOURCE_ACCESS_AUDIO_INPUT = NO;
				ENABLE_RESOURCE_ACCESS_CALENDARS = NO;
				ENABLE_RESOURCE_ACCESS_CAMERA = NO;
				ENABLE_RESOURCE_ACCESS_CONTACTS = NO;
				ENABLE_RESOURCE_ACCESS_LOCATION = NO;
				ENABLE_RESOURCE_ACCESS_PHOTO_LIBRARY = NO;
				ENABLE_USER_SCRIPT_SANDBOXING = NO;
				ENABLE_USER_SELECTED_FILES = readwrite;
				EXCLUDED_ARCHS = "x86-64";
				GENERATE_INFOPLIST_FILE = YES;
				INFOPLIST_KEY_CFBundleDisplayName = Containers;
				INFOPLIST_KEY_LSApplicationCategoryType = "public.app-category.productivity";
				INFOPLIST_KEY_LSUIElement = YES;
				INFOPLIST_KEY_NSHumanReadableCopyright = "";
				INFOPLIST_KEY_UIUserInterfaceStyle = Dark;
				LD_RUNPATH_SEARCH_PATHS = (
					"$(inherited)",
					"@executable_path/../Frameworks",
				);
				MACOSX_DEPLOYMENT_TARGET = 26.2;
				MARKETING_VERSION = 0.1;
				OTHER_SWIFT_FLAGS = "";
				PRODUCT_BUNDLE_IDENTIFIER = app.containers.Containers;
				PRODUCT_NAME = "$(TARGET_NAME)";
				REGISTER_APP_GROUPS = YES;
				RUNTIME_EXCEPTION_ALLOW_DYLD_ENVIRONMENT_VARIABLES = NO;
				RUNTIME_EXCEPTION_ALLOW_JIT = NO;
				RUNTIME_EXCEPTION_ALLOW_UNSIGNED_EXECUTABLE_MEMORY = NO;
				RUNTIME_EXCEPTION_DEBUGGING_TOOL = NO;
				RUNTIME_EXCEPTION_DISABLE_EXECUTABLE_PAGE_PROTECTION = NO;
				RUNTIME_EXCEPTION_DISABLE_LIBRARY_VALIDATION = NO;
				STRING_CATALOG_GENERATE_SYMBOLS = YES;
				SWIFT_DEFAULT_ACTOR_ISOLATION = MainActor;
				SWIFT_EMIT_LOC_STRINGS = YES;
				SWIFT_UPCOMING_FEATURE_MEMBER_IMPORT_VISIBILITY = YES;
				SWIFT_VERSION = 6.0;
			};
			name = Release;
		};
/* End XCBuildConfiguration section */

/* Begin XCConfigurationList section */
		7735086A2F34E40500C5471F /* Build configuration list for PBXNativeTarget "ContainerSystemTests" */ = {
			isa = XCConfigurationList;
			buildConfigurations = (
				7735086B2F34E40500C5471F /* Debug */,
				7735086C2F34E40500C5471F /* Release */,
			);
			defaultConfigurationIsVisible = 0;
			defaultConfigurationName = Release;
		};
		773509112F34EA2F00C5471F /* Build configuration list for PBXNativeTarget "ContainerSystem" */ = {
			isa = XCConfigurationList;
			buildConfigurations = (
				773509122F34EA2F00C5471F /* Debug */,
				773509132F34EA2F00C5471F /* Release */,
			);
			defaultConfigurationIsVisible = 0;
			defaultConfigurationName = Release;
		};
		9829EC3D2E17BA3C00A9F8D3 /* Build configuration list for PBXProject "Containers" */ = {
			isa = XCConfigurationList;
			buildConfigurations = (
				9829EC4B2E17BA3D00A9F8D3 /* Debug */,
				9829EC4C2E17BA3D00A9F8D3 /* Release */,
			);
			defaultConfigurationIsVisible = 0;
			defaultConfigurationName = Release;
		};
		9829EC4D2E17BA3D00A9F8D3 /* Build configuration list for PBXNativeTarget "Containers" */ = {
			isa = XCConfigurationList;
			buildConfigurations = (
				9829EC4E2E17BA3D00A9F8D3 /* Debug */,
				9829EC4F2E17BA3D00A9F8D3 /* Release */,
			);
			defaultConfigurationIsVisible = 0;
			defaultConfigurationName = Release;
		};
/* End XCConfigurationList section */

/* Begin XCRemoteSwiftPackageReference section */
		77350A722F35A14000C5471F /* XCRemoteSwiftPackageReference "container" */ = {
			isa = XCRemoteSwiftPackageReference;
			repositoryURL = "https://github.com/apple/container";
			requirement = {
				kind = upToNextMajorVersion;
				minimumVersion = 0.9.0;
			};
		};
/* End XCRemoteSwiftPackageReference section */

/* Begin XCSwiftPackageProductDependency section */
		77350A732F35A14000C5471F /* ContainerAPIClient */ = {
			isa = XCSwiftPackageProductDependency;
			package = 77350A722F35A14000C5471F /* XCRemoteSwiftPackageReference "container" */;
			productName = ContainerAPIClient;
		};
		77350A752F35A14000C5471F /* ContainerAPIService */ = {
			isa = XCSwiftPackageProductDependency;
			package = 77350A722F35A14000C5471F /* XCRemoteSwiftPackageReference "container" */;
			productName = ContainerAPIService;
		};
		77350A772F35A14000C5471F /* ContainerBuild */ = {
			isa = XCSwiftPackageProductDependency;
			package = 77350A722F35A14000C5471F /* XCRemoteSwiftPackageReference "container" */;
			productName = ContainerBuild;
		};
		77350A792F35A14000C5471F /* ContainerCommands */ = {
			isa = XCSwiftPackageProductDependency;
			package = 77350A722F35A14000C5471F /* XCRemoteSwiftPackageReference "container" */;
			productName = ContainerCommands;
		};
		77350A7B2F35A14000C5471F /* ContainerImagesService */ = {
			isa = XCSwiftPackageProductDependency;
			package = 77350A722F35A14000C5471F /* XCRemoteSwiftPackageReference "container" */;
			productName = ContainerImagesService;
		};
		77350A7D2F35A14000C5471F /* ContainerLog */ = {
			isa = XCSwiftPackageProductDependency;
			package = 77350A722F35A14000C5471F /* XCRemoteSwiftPackageReference "container" */;
			productName = ContainerLog;
		};
		77350A7F2F35A14000C5471F /* ContainerNetworkService */ = {
			isa = XCSwiftPackageProductDependency;
			package = 77350A722F35A14000C5471F /* XCRemoteSwiftPackageReference "container" */;
			productName = ContainerNetworkService;
		};
		77350A812F35A14000C5471F /* ContainerPersistence */ = {
			isa = XCSwiftPackageProductDependency;
			package = 77350A722F35A14000C5471F /* XCRemoteSwiftPackageReference "container" */;
			productName = ContainerPersistence;
		};
/* End XCSwiftPackageProductDependency section */
	};
	rootObject = 9829EC3A2E17BA3C00A9F8D3 /* Project object */;
}
