// !$*UTF8*$!
{
	archiveVersion = 1;
	classes = {
	};
	objectVersion = 77;
	objects = {

/* Begin PBXBuildFile section */
		773509582F34FC7D00C5471F /* libContainerSystem.dylib in Frameworks */ = {isa = PBXBuildFile; fileRef = 773509102F34EA2F00C5471F /* libContainerSystem.dylib */; };
		77350BA92F35B17100C5471F /* libContainerSystem.dylib in Embed Libraries */ = {isa = PBXBuildFile; fileRef = 773509102F34EA2F00C5471F /* libContainerSystem.dylib */; settings = {ATTRIBUTES = (CodeSignOnCopy, ); }; };
		77350BAB2F35B53700C5471F /* libContainerSystem.dylib in Frameworks */ = {isa = PBXBuildFile; fileRef = 773509102F34EA2F00C5471F /* libContainerSystem.dylib */; };
		77350BAC2F35B53700C5471F /* libContainerSystem.dylib in Embed Libraries */ = {isa = PBXBuildFile; fileRef = 773509102F34EA2F00C5471F /* libContainerSystem.dylib */; settings = {ATTRIBUTES = (CodeSignOnCopy, ); }; };
		77C44F1B2F698D0600167C4D /* Containerization in Frameworks */ = {isa = PBXBuildFile; productRef = 77C44F1A2F698D0600167C4D /* Containerization */; };
		77C44F1D2F698D0600167C4D /* ContainerizationArchive in Frameworks */ = {isa = PBXBuildFile; productRef = 77C44F1C2F698D0600167C4D /* ContainerizationArchive */; };
		77C44F1F2F698D0600167C4D /* ContainerizationEXT4 in Frameworks */ = {isa = PBXBuildFile; productRef = 77C44F1E2F698D0600167C4D /* ContainerizationEXT4 */; };
		77C44F212F698D0600167C4D /* ContainerizationExtras in Frameworks */ = {isa = PBXBuildFile; productRef = 77C44F202F698D0600167C4D /* ContainerizationExtras */; };
		77C44F232F698D0600167C4D /* ContainerizationIO in Frameworks */ = {isa = PBXBuildFile; productRef = 77C44F222F698D0600167C4D /* ContainerizationIO */; };
		77C44F252F698E9A00167C4D /* ContainerizationOCI in Frameworks */ = {isa = PBXBuildFile; productRef = 77C44F242F698E9A00167C4D /* ContainerizationOCI */; };
/* End PBXBuildFile section */

/* Begin PBXContainerItemProxy section */
		773509142F34EA4700C5471F /* PBXContainerItemProxy */ = {
			isa = PBXContainerItemProxy;
			containerPortal = 9829EC3A2E17BA3C00A9F8D3 /* Project object */;
			proxyType = 1;
			remoteGlobalIDString = 7735090F2F34EA2F00C5471F;
			remoteInfo = ContainerSystem;
		};
		7735094D2F34EB8100C5471F /* PBXContainerItemProxy */ = {
			isa = PBXContainerItemProxy;
			containerPortal = 9829EC3A2E17BA3C00A9F8D3 /* Project object */;
			proxyType = 1;
			remoteGlobalIDString = 7735090F2F34EA2F00C5471F;
			remoteInfo = ContainerSystem;
		};
		77350BAD2F35B53700C5471F /* PBXContainerItemProxy */ = {
			isa = PBXContainerItemProxy;
			containerPortal = 9829EC3A2E17BA3C00A9F8D3 /* Project object */;
			proxyType = 1;
			remoteGlobalIDString = 7735090F2F34EA2F00C5471F;
			remoteInfo = ContainerSystem;
		};
/* End PBXContainerItemProxy section */

/* Begin PBXCopyFilesBuildPhase section */
		77350BAA2F35B17100C5471F /* Embed Libraries */ = {
			isa = PBXCopyFilesBuildPhase;
			buildActionMask = 2147483647;
			dstPath = "";
			dstSubfolderSpec = 10;
			files = (
				77350BA92F35B17100C5471F /* libContainerSystem.dylib in Embed Libraries */,
			);
			name = "Embed Libraries";
			runOnlyForDeploymentPostprocessing = 0;
		};
		77350BAF2F35B53700C5471F /* Embed Libraries */ = {
			isa = PBXCopyFilesBuildPhase;
			buildActionMask = 2147483647;
			dstPath = "";
			dstSubfolderSpec = 10;
			files = (
				77350BAC2F35B53700C5471F /* libContainerSystem.dylib in Embed Libraries */,
			);
			name = "Embed Libraries";
			runOnlyForDeploymentPostprocessing = 0;
		};
/* End PBXCopyFilesBuildPhase section */

/* Begin PBXFileReference section */
		773508642F34E40500C5471F /* ContainerSystemTests.xctest */ = {isa = PBXFileReference; explicitFileType = wrapper.cfbundle; includeInIndex = 0; path = ContainerSystemTests.xctest; sourceTree = BUILT_PRODUCTS_DIR; };
		773509102F34EA2F00C5471F /* libContainerSystem.dylib */ = {isa = PBXFileReference; explicitFileType = "compiled.mach-o.dylib"; includeInIndex = 0; path = libContainerSystem.dylib; sourceTree = BUILT_PRODUCTS_DIR; };
		9829EC422E17BA3C00A9F8D3 /* Containers.app */ = {isa = PBXFileReference; explicitFileType = wrapper.application; includeInIndex = 0; path = Containers.app; sourceTree = BUILT_PRODUCTS_DIR; };
/* End PBXFileReference section */

/* Begin PBXFileSystemSynchronizedBuildFileExceptionSet section */
		77C44FAB2F6AABE000167C4D /* Exceptions for "ContainerSystem" folder in "Containers" target */ = {
			isa = PBXFileSystemSynchronizedBuildFileExceptionSet;
			membershipExceptions = (
				Helpers/ContainerConfigurationProvider.swift,
			);
			target = 9829EC412E17BA3C00A9F8D3 /* Containers */;
		};
		77C44FAC2F6AABE000167C4D /* Exceptions for "ContainerSystem" folder in "ContainerSystem" target */ = {
			isa = PBXFileSystemSynchronizedBuildFileExceptionSet;
			membershipExceptions = (
				Helpers/ContainerConfigurationProvider.swift,
			);
			target = 7735090F2F34EA2F00C5471F /* ContainerSystem */;
		};
/* End PBXFileSystemSynchronizedBuildFileExceptionSet section */

/* Begin PBXFileSystemSynchronizedRootGroup section */
		773508652F34E40500C5471F /* ContainerSystemTests */ = {
			isa = PBXFileSystemSynchronizedRootGroup;
			path = ContainerSystemTests;
			sourceTree = "<group>";
		};
		77C44F6E2F69C4EE00167C4D /* ContainerSystem */ = {
			isa = PBXFileSystemSynchronizedRootGroup;
			exceptions = (
				77C44FAB2F6AABE000167C4D /* Exceptions for "ContainerSystem" folder in "Containers" target */,
				77C44FAC2F6AABE000167C4D /* Exceptions for "ContainerSystem" folder in "ContainerSystem" target */,
			);
			path = ContainerSystem;
			sourceTree = "<group>";
		};
		9829EC442E17BA3C00A9F8D3 /* Containers */ = {
			isa = PBXFileSystemSynchronizedRootGroup;
			path = Containers;
			sourceTree = "<group>";
		};
/* End PBXFileSystemSynchronizedRootGroup section */

/* Begin PBXFrameworksBuildPhase section */
		773508612F34E40500C5471F /* Frameworks */ = {
			isa = PBXFrameworksBuildPhase;
			buildActionMask = 2147483647;
			files = (
				77350BAB2F35B53700C5471F /* libContainerSystem.dylib in Frameworks */,
			);
			runOnlyForDeploymentPostprocessing = 0;
		};
		7735090E2F34EA2F00C5471F /* Frameworks */ = {
			isa = PBXFrameworksBuildPhase;
			buildActionMask = 2147483647;
			files = (
				77C44F232F698D0600167C4D /* ContainerizationIO in Frameworks */,
				77C44F252F698E9A00167C4D /* ContainerizationOCI in Frameworks */,
				77C44F1D2F698D0600167C4D /* ContainerizationArchive in Frameworks */,
				77C44F1F2F698D0600167C4D /* ContainerizationEXT4 in Frameworks */,
				77C44F212F698D0600167C4D /* ContainerizationExtras in Frameworks */,
				77C44F1B2F698D0600167C4D /* Containerization in Frameworks */,
			);
			runOnlyForDeploymentPostprocessing = 0;
		};
		9829EC3F2E17BA3C00A9F8D3 /* Frameworks */ = {
			isa = PBXFrameworksBuildPhase;
			buildActionMask = 2147483647;
			files = (
				773509582F34FC7D00C5471F /* libContainerSystem.dylib in Frameworks */,
			);
			runOnlyForDeploymentPostprocessing = 0;
		};
/* End PBXFrameworksBuildPhase section */

/* Begin PBXGroup section */
		9829EC392E17BA3C00A9F8D3 = {
			isa = PBXGroup;
			children = (
				9829EC442E17BA3C00A9F8D3 /* Containers */,
				77C44F6E2F69C4EE00167C4D /* ContainerSystem */,
				773508652F34E40500C5471F /* ContainerSystemTests */,
				9829EC432E17BA3C00A9F8D3 /* Products */,
			);
			sourceTree = "<group>";
		};
		9829EC432E17BA3C00A9F8D3 /* Products */ = {
			isa = PBXGroup;
			children = (
				9829EC422E17BA3C00A9F8D3 /* Containers.app */,
				773508642F34E40500C5471F /* ContainerSystemTests.xctest */,
				773509102F34EA2F00C5471F /* libContainerSystem.dylib */,
			);
			name = Products;
			sourceTree = "<group>";
		};
/* End PBXGroup section */

/* Begin PBXHeadersBuildPhase section */
		7735090C2F34EA2F00C5471F /* Headers */ = {
			isa = PBXHeadersBuildPhase;
			buildActionMask = 2147483647;
			files = (
			);
			runOnlyForDeploymentPostprocessing = 0;
		};
/* End PBXHeadersBuildPhase section */

/* Begin PBXNativeTarget section */
		773508632F34E40500C5471F /* ContainerSystemTests */ = {
			isa = PBXNativeTarget;
			buildConfigurationList = 7735086A2F34E40500C5471F /* Build configuration list for PBXNativeTarget "ContainerSystemTests" */;
			buildPhases = (
				773508602F34E40500C5471F /* Sources */,
				773508612F34E40500C5471F /* Frameworks */,
				773508622F34E40500C5471F /* Resources */,
				77350BAF2F35B53700C5471F /* Embed Libraries */,
			);
			buildRules = (
			);
			dependencies = (
				773509152F34EA4700C5471F /* PBXTargetDependency */,
				77350BAE2F35B53700C5471F /* PBXTargetDependency */,
			);
			fileSystemSynchronizedGroups = (
				773508652F34E40500C5471F /* ContainerSystemTests */,
			);
			name = ContainerSystemTests;
			packageProductDependencies = (
			);
			productName = ContainersTests;
			productReference = 773508642F34E40500C5471F /* ContainerSystemTests.xctest */;
			productType = "com.apple.product-type.bundle.unit-test";
		};
		7735090F2F34EA2F00C5471F /* ContainerSystem */ = {
			isa = PBXNativeTarget;
			buildConfigurationList = 773509112F34EA2F00C5471F /* Build configuration list for PBXNativeTarget "ContainerSystem" */;
			buildPhases = (
				7735090C2F34EA2F00C5471F /* Headers */,
				7735090D2F34EA2F00C5471F /* Sources */,
				7735090E2F34EA2F00C5471F /* Frameworks */,
			);
			buildRules = (
			);
			dependencies = (
			);
			fileSystemSynchronizedGroups = (
				77C44F6E2F69C4EE00167C4D /* ContainerSystem */,
			);
			name = ContainerSystem;
			packageProductDependencies = (
				77C44F1A2F698D0600167C4D /* Containerization */,
				77C44F1C2F698D0600167C4D /* ContainerizationArchive */,
				77C44F1E2F698D0600167C4D /* ContainerizationEXT4 */,
				77C44F202F698D0600167C4D /* ContainerizationExtras */,
				77C44F222F698D0600167C4D /* ContainerizationIO */,
				77C44F242F698E9A00167C4D /* ContainerizationOCI */,
			);
			productName = ContainerSystem;
			productReference = 773509102F34EA2F00C5471F /* libContainerSystem.dylib */;
			productType = "com.apple.product-type.library.dynamic";
		};
		9829EC412E17BA3C00A9F8D3 /* Containers */ = {
			isa = PBXNativeTarget;
			buildConfigurationList = 9829EC4D2E17BA3D00A9F8D3 /* Build configuration list for PBXNativeTarget "Containers" */;
			buildPhases = (
				9829EC3E2E17BA3C00A9F8D3 /* Sources */,
				9829EC3F2E17BA3C00A9F8D3 /* Frameworks */,
				9829EC402E17BA3C00A9F8D3 /* Resources */,
				77350BAA2F35B17100C5471F /* Embed Libraries */,
			);
			buildRules = (
			);
			dependencies = (
				7735094E2F34EB8100C5471F /* PBXTargetDependency */,
			);
			fileSystemSynchronizedGroups = (
				9829EC442E17BA3C00A9F8D3 /* Containers */,
			);
			name = Containers;
			packageProductDependencies = (
			);
			productName = AppleContainerDesktop;
			productReference = 9829EC422E17BA3C00A9F8D3 /* Containers.app */;
			productType = "com.apple.product-type.application";
		};
/* End PBXNativeTarget section */

/* Begin PBXProject section */
		9829EC3A2E17BA3C00A9F8D3 /* Project object */ = {
			isa = PBXProject;
			attributes = {
				BuildIndependentTargetsInParallel = 1;
				LastSwiftUpdateCheck = 2630;
				LastUpgradeCheck = 2630;
				TargetAttributes = {
					773508632F34E40500C5471F = {
						CreatedOnToolsVersion = 26.3;
					};
					7735090F2F34EA2F00C5471F = {
						CreatedOnToolsVersion = 26.3;
					};
					9829EC412E17BA3C00A9F8D3 = {
						CreatedOnToolsVersion = 26.0;
					};
				};
			};
			buildConfigurationList = 9829EC3D2E17BA3C00A9F8D3 /* Build configuration list for PBXProject "Containers" */;
			developmentRegion = en;
			hasScannedForEncodings = 0;
			knownRegions = (
				en,
				Base,
			);
			mainGroup = 9829EC392E17BA3C00A9F8D3;
			minimizedProjectReferenceProxies = 1;
			packageReferences = (
				77C44F192F698D0600167C4D /* XCRemoteSwiftPackageReference "containerization" */,
			);
			preferredProjectObjectVersion = 77;
			productRefGroup = 9829EC432E17BA3C00A9F8D3 /* Products */;
			projectDirPath = "";
			projectRoot = "";
			targets = (
				9829EC412E17BA3C00A9F8D3 /* Containers */,
				7735090F2F34EA2F00C5471F /* ContainerSystem */,
				773508632F34E40500C5471F /* ContainerSystemTests */,
			);
		};
/* End PBXProject section */

/* Begin PBXResourcesBuildPhase section */
		773508622F34E40500C5471F /* Resources */ = {
			isa = PBXResourcesBuildPhase;
			buildActionMask = 2147483647;
			files = (
			);
			runOnlyForDeploymentPostprocessing = 0;
		};
		9829EC402E17BA3C00A9F8D3 /* Resources */ = {
			isa = PBXResourcesBuildPhase;
			buildActionMask = 2147483647;
			files = (
			);
			runOnlyForDeploymentPostprocessing = 0;
		};
/* End PBXResourcesBuildPhase section */

/* Begin PBXSourcesBuildPhase section */
		773508602F34E40500C5471F /* Sources */ = {
			isa = PBXSourcesBuildPhase;
			buildActionMask = 2147483647;
			files = (
			);
			runOnlyForDeploymentPostprocessing = 0;
		};
		7735090D2F34EA2F00C5471F /* Sources */ = {
			isa = PBXSourcesBuildPhase;
			buildActionMask = 2147483647;
			files = (
			);
			runOnlyForDeploymentPostprocessing = 0;
		};
		9829EC3E2E17BA3C00A9F8D3 /* Sources */ = {
			isa = PBXSourcesBuildPhase;
			buildActionMask = 2147483647;
			files = (
			);
			runOnlyForDeploymentPostprocessing = 0;
		};
/* End PBXSourcesBuildPhase section */

/* Begin PBXTargetDependency section */
		773509152F34EA4700C5471F /* PBXTargetDependency */ = {
			isa = PBXTargetDependency;
			target = 7735090F2F34EA2F00C5471F /* ContainerSystem */;
			targetProxy = 773509142F34EA4700C5471F /* PBXContainerItemProxy */;
		};
		7735094E2F34EB8100C5471F /* PBXTargetDependency */ = {
			isa = PBXTargetDependency;
			target = 7735090F2F34EA2F00C5471F /* ContainerSystem */;
			targetProxy = 7735094D2F34EB8100C5471F /* PBXContainerItemProxy */;
		};
		77350BAE2F35B53700C5471F /* PBXTargetDependency */ = {
			isa = PBXTargetDependency;
			target = 7735090F2F34EA2F00C5471F /* ContainerSystem */;
			targetProxy = 77350BAD2F35B53700C5471F /* PBXContainerItemProxy */;
		};
/* End PBXTargetDependency section */

/* Begin XCBuildConfiguration section */
		7735086B2F34E40500C5471F /* Debug */ = {
			isa = XCBuildConfiguration;
			buildSettings = {
				CODE_SIGN_STYLE = Automatic;
				CURRENT_PROJECT_VERSION = 1;
				DEVELOPMENT_TEAM = ZTW69M5NDR;
				GENERATE_INFOPLIST_FILE = YES;
				MACOSX_DEPLOYMENT_TARGET = 26.2;
				MARKETING_VERSION = 1.0;
				PRODUCT_BUNDLE_IDENTIFIER = app.Index.ContainersTests;
				PRODUCT_NAME = "$(TARGET_NAME)";
				STRING_CATALOG_GENERATE_SYMBOLS = NO;
				SWIFT_APPROACHABLE_CONCURRENCY = YES;
				SWIFT_EMIT_LOC_STRINGS = NO;
				SWIFT_UPCOMING_FEATURE_MEMBER_IMPORT_VISIBILITY = YES;
				SWIFT_VERSION = 5.0;
			};
			name = Debug;
		};
		7735086C2F34E40500C5471F /* Release */ = {
			isa = XCBuildConfiguration;
			buildSettings = {
				CODE_SIGN_STYLE = Automatic;
				CURRENT_PROJECT_VERSION = 1;
				DEVELOPMENT_TEAM = ZTW69M5NDR;
				GENERATE_INFOPLIST_FILE = YES;
				MACOSX_DEPLOYMENT_TARGET = 26.2;
				MARKETING_VERSION = 1.0;
				PRODUCT_BUNDLE_IDENTIFIER = app.Index.ContainersTests;
				PRODUCT_NAME = "$(TARGET_NAME)";
				STRING_CATALOG_GENERATE_SYMBOLS = NO;
				SWIFT_APPROACHABLE_CONCURRENCY = YES;
				SWIFT_EMIT_LOC_STRINGS = NO;
				SWIFT_UPCOMING_FEATURE_MEMBER_IMPORT_VISIBILITY = YES;
				SWIFT_VERSION = 5.0;
			};
			name = Release;
		};
		773509122F34EA2F00C5471F /* Debug */ = {
			isa = XCBuildConfiguration;
			buildSettings = {
				CODE_SIGN_STYLE = Automatic;
				DEVELOPMENT_TEAM = ZTW69M5NDR;
				DYLIB_COMPATIBILITY_VERSION = 1;
				DYLIB_CURRENT_VERSION = 1;
				DYLIB_INSTALL_NAME_BASE = "@executable_path/../Frameworks";
				EXECUTABLE_PREFIX = lib;
				MACOSX_DEPLOYMENT_TARGET = 26.2;
				OTHER_SWIFT_FLAGS = "";
				PRODUCT_NAME = "$(TARGET_NAME)";
				SKIP_INSTALL = YES;
			};
			name = Debug;
		};
		773509132F34EA2F00C5471F /* Release */ = {
			isa = XCBuildConfiguration;
			buildSettings = {
				CODE_SIGN_STYLE = Automatic;
				DEVELOPMENT_TEAM = ZTW69M5NDR;
				DYLIB_COMPATIBILITY_VERSION = 1;
				DYLIB_CURRENT_VERSION = 1;
				DYLIB_INSTALL_NAME_BASE = "@executable_path/../Frameworks";
				EXECUTABLE_PREFIX = lib;
				MACOSX_DEPLOYMENT_TARGET = 26.2;
				OTHER_SWIFT_FLAGS = "";
				PRODUCT_NAME = "$(TARGET_NAME)";
				SKIP_INSTALL = YES;
			};
			name = Release;
		};
		9829EC4B2E17BA3D00A9F8D3 /* Debug */ = {
			isa = XCBuildConfiguration;
			buildSettings = {
				ALWAYS_SEARCH_USER_PATHS = NO;
				ASSETCATALOG_COMPILER_GENERATE_SWIFT_ASSET_SYMBOL_EXTENSIONS = YES;
				CLANG_ANALYZER_NONNULL = YES;
				CLANG_ANALYZER_NUMBER_OBJECT_CONVERSION = YES_AGGRESSIVE;
				CLANG_CXX_LANGUAGE_STANDARD = "gnu++20";
				CLANG_ENABLE_MODULES = YES;
				CLANG_ENABLE_OBJC_ARC = YES;
				CLANG_ENABLE_OBJC_WEAK = YES;
				CLANG_WARN_BLOCK_CAPTURE_AUTORELEASING = YES;
				CLANG_WARN_BOOL_CONVERSION = YES;
				CLANG_WARN_COMMA = YES;
				CLANG_WARN_CONSTANT_CONVERSION = YES;
				CLANG_WARN_DEPRECATED_OBJC_IMPLEMENTATIONS = YES;
				CLANG_WARN_DIRECT_OBJC_ISA_USAGE = YES_ERROR;
				CLANG_WARN_DOCUMENTATION_COMMENTS = YES;
				CLANG_WARN_EMPTY_BODY = YES;
				CLANG_WARN_ENUM_CONVERSION = YES;
				CLANG_WARN_INFINITE_RECURSION = YES;
				CLANG_WARN_INT_CONVERSION = YES;
				CLANG_WARN_NON_LITERAL_NULL_CONVERSION = YES;
				CLANG_WARN_OBJC_IMPLICIT_RETAIN_SELF = YES;
				CLANG_WARN_OBJC_LITERAL_CONVERSION = YES;
				CLANG_WARN_OBJC_ROOT_CLASS = YES_ERROR;
				CLANG_WARN_QUOTED_INCLUDE_IN_FRAMEWORK_HEADER = YES;
				CLANG_WARN_RANGE_LOOP_ANALYSIS = YES;
				CLANG_WARN_STRICT_PROTOTYPES = YES;
				CLANG_WARN_SUSPICIOUS_MOVE = YES;
				CLANG_WARN_UNGUARDED_AVAILABILITY = YES_AGGRESSIVE;
				CLANG_WARN_UNREACHABLE_CODE = YES;
				CLANG_WARN__DUPLICATE_METHOD_MATCH = YES;
				COPY_PHASE_STRIP = NO;
				DEAD_CODE_STRIPPING = YES;
				DEBUG_INFORMATION_FORMAT = dwarf;
				DEVELOPMENT_TEAM = NLTYK5T6U3;
				ENABLE_STRICT_OBJC_MSGSEND = YES;
				ENABLE_TESTABILITY = YES;
				ENABLE_USER_SCRIPT_SANDBOXING = YES;
				GCC_C_LANGUAGE_STANDARD = gnu17;
				GCC_DYNAMIC_NO_PIC = NO;
				GCC_NO_COMMON_BLOCKS = YES;
				GCC_OPTIMIZATION_LEVEL = 0;
				GCC_PREPROCESSOR_DEFINITIONS = (
					"DEBUG=1",
					"$(inherited)",
				);
				GCC_WARN_64_TO_32_BIT_CONVERSION = YES;
				GCC_WARN_ABOUT_RETURN_TYPE = YES_ERROR;
				GCC_WARN_UNDECLARED_SELECTOR = YES;
				GCC_WARN_UNINITIALIZED_AUTOS = YES_AGGRESSIVE;
				GCC_WARN_UNUSED_FUNCTION = YES;
				GCC_WARN_UNUSED_VARIABLE = YES;
				LOCALIZATION_PREFERS_STRING_CATALOGS = YES;
				MACOSX_DEPLOYMENT_TARGET = 26.2;
				MTL_ENABLE_DEBUG_INFO = INCLUDE_SOURCE;
				MTL_FAST_MATH = YES;
				ONLY_ACTIVE_ARCH = YES;
				SDKROOT = macosx;
				STRING_CATALOG_GENERATE_SYMBOLS = YES;
				SWIFT_ACTIVE_COMPILATION_CONDITIONS = "DEBUG $(inherited)";
				SWIFT_OPTIMIZATION_LEVEL = "-Onone";
				SWIFT_VERSION = 6.0;
			};
			name = Debug;
		};
		9829EC4C2E17BA3D00A9F8D3 /* Release */ = {
			isa = XCBuildConfiguration;
			buildSettings = {
				ALWAYS_SEARCH_USER_PATHS = NO;
				ASSETCATALOG_COMPILER_GENERATE_SWIFT_ASSET_SYMBOL_EXTENSIONS = YES;
				CLANG_ANALYZER_NONNULL = YES;
				CLANG_ANALYZER_NUMBER_OBJECT_CONVERSION = YES_AGGRESSIVE;
				CLANG_CXX_LANGUAGE_STANDARD = "gnu++20";
				CLANG_ENABLE_MODULES = YES;
				CLANG_ENABLE_OBJC_ARC = YES;
				CLANG_ENABLE_OBJC_WEAK = YES;
				CLANG_WARN_BLOCK_CAPTURE_AUTORELEASING = YES;
				CLANG_WARN_BOOL_CONVERSION = YES;
				CLANG_WARN_COMMA = YES;
				CLANG_WARN_CONSTANT_CONVERSION = YES;
				CLANG_WARN_DEPRECATED_OBJC_IMPLEMENTATIONS = YES;
				CLANG_WARN_DIRECT_OBJC_ISA_USAGE = YES_ERROR;
				CLANG_WARN_DOCUMENTATION_COMMENTS = YES;
				CLANG_WARN_EMPTY_BODY = YES;
				CLANG_WARN_ENUM_CONVERSION = YES;
				CLANG_WARN_INFINITE_RECURSION = YES;
				CLANG_WARN_INT_CONVERSION = YES;
				CLANG_WARN_NON_LITERAL_NULL_CONVERSION = YES;
				CLANG_WARN_OBJC_IMPLICIT_RETAIN_SELF = YES;
				CLANG_WARN_OBJC_LITERAL_CONVERSION = YES;
				CLANG_WARN_OBJC_ROOT_CLASS = YES_ERROR;
				CLANG_WARN_QUOTED_INCLUDE_IN_FRAMEWORK_HEADER = YES;
				CLANG_WARN_RANGE_LOOP_ANALYSIS = YES;
				CLANG_WARN_STRICT_PROTOTYPES = YES;
				CLANG_WARN_SUSPICIOUS_MOVE = YES;
				CLANG_WARN_UNGUARDED_AVAILABILITY = YES_AGGRESSIVE;
				CLANG_WARN_UNREACHABLE_CODE = YES;
				CLANG_WARN__DUPLICATE_METHOD_MATCH = YES;
				COPY_PHASE_STRIP = NO;
				DEAD_CODE_STRIPPING = YES;
				DEBUG_INFORMATION_FORMAT = "dwarf-with-dsym";
				DEVELOPMENT_TEAM = NLTYK5T6U3;
				ENABLE_NS_ASSERTIONS = NO;
				ENABLE_STRICT_OBJC_MSGSEND = YES;
				ENABLE_USER_SCRIPT_SANDBOXING = YES;
				GCC_C_LANGUAGE_STANDARD = gnu17;
				GCC_NO_COMMON_BLOCKS = YES;
				GCC_WARN_64_TO_32_BIT_CONVERSION = YES;
				GCC_WARN_ABOUT_RETURN_TYPE = YES_ERROR;
				GCC_WARN_UNDECLARED_SELECTOR = YES;
				GCC_WARN_UNINITIALIZED_AUTOS = YES_AGGRESSIVE;
				GCC_WARN_UNUSED_FUNCTION = YES;
				GCC_WARN_UNUSED_VARIABLE = YES;
				LOCALIZATION_PREFERS_STRING_CATALOGS = YES;
				MACOSX_DEPLOYMENT_TARGET = 26.2;
				MTL_ENABLE_DEBUG_INFO = NO;
				MTL_FAST_MATH = YES;
				SDKROOT = macosx;
				STRING_CATALOG_GENERATE_SYMBOLS = YES;
				SWIFT_COMPILATION_MODE = wholemodule;
				SWIFT_VERSION = 6.0;
			};
			name = Release;
		};
		9829EC4E2E17BA3D00A9F8D3 /* Debug */ = {
			isa = XCBuildConfiguration;
			buildSettings = {
				ASSETCATALOG_COMPILER_APPICON_NAME = Containers;
				ASSETCATALOG_COMPILER_GLOBAL_ACCENT_COLOR_NAME = AccentColor;
				AUTOMATION_APPLE_EVENTS = NO;
				CODE_SIGN_ENTITLEMENTS = "Containers/Supporting Files/Containers.entitlements";
				CODE_SIGN_STYLE = Automatic;
				COMBINE_HIDPI_IMAGES = YES;
				CURRENT_PROJECT_VERSION = 7;
				DEAD_CODE_STRIPPING = YES;
				DEVELOPMENT_TEAM = ZTW69M5NDR;
				ENABLE_APP_SANDBOX = YES;
				ENABLE_HARDENED_RUNTIME = YES;
				ENABLE_INCOMING_NETWORK_CONNECTIONS = YES;
				ENABLE_OUTGOING_NETWORK_CONNECTIONS = YES;
				ENABLE_PREVIEWS = YES;
				ENABLE_RESOURCE_ACCESS_AUDIO_INPUT = NO;
				ENABLE_RESOURCE_ACCESS_CALENDARS = NO;
				ENABLE_RESOURCE_ACCESS_CAMERA = NO;
				ENABLE_RESOURCE_ACCESS_CONTACTS = NO;
				ENABLE_RESOURCE_ACCESS_LOCATION = NO;
				ENABLE_RESOURCE_ACCESS_PHOTO_LIBRARY = NO;
				ENABLE_USER_SCRIPT_SANDBOXING = NO;
				ENABLE_USER_SELECTED_FILES = readwrite;
				EXCLUDED_ARCHS = "x86-64";
				GENERATE_INFOPLIST_FILE = YES;
				INFOPLIST_KEY_CFBundleDisplayName = Containers;
				INFOPLIST_KEY_LSApplicationCategoryType = "public.app-category.productivity";
				INFOPLIST_KEY_LSUIElement = YES;
				INFOPLIST_KEY_NSHumanReadableCopyright = "";
				INFOPLIST_KEY_UIUserInterfaceStyle = Dark;
				LD_RUNPATH_SEARCH_PATHS = (
					"$(inherited)",
					"@executable_path/../Frameworks",
				);
				MACOSX_DEPLOYMENT_TARGET = 26.2;
				MARKETING_VERSION = 0.1;
				OTHER_SWIFT_FLAGS = "";
				PRODUCT_BUNDLE_IDENTIFIER = app.containers.Containers;
				PRODUCT_NAME = "$(TARGET_NAME)";
				REGISTER_APP_GROUPS = YES;
				RUNTIME_EXCEPTION_ALLOW_DYLD_ENVIRONMENT_VARIABLES = NO;
				RUNTIME_EXCEPTION_ALLOW_JIT = NO;
				RUNTIME_EXCEPTION_ALLOW_UNSIGNED_EXECUTABLE_MEMORY = NO;
				RUNTIME_EXCEPTION_DEBUGGING_TOOL = NO;
				RUNTIME_EXCEPTION_DISABLE_EXECUTABLE_PAGE_PROTECTION = NO;
				RUNTIME_EXCEPTION_DISABLE_LIBRARY_VALIDATION = NO;
				STRING_CATALOG_GENERATE_SYMBOLS = YES;
				SWIFT_DEFAULT_ACTOR_ISOLATION = MainActor;
				SWIFT_EMIT_LOC_STRINGS = YES;
				SWIFT_UPCOMING_FEATURE_MEMBER_IMPORT_VISIBILITY = YES;
				SWIFT_VERSION = 6.0;
			};
			name = Debug;
		};
		9829EC4F2E17BA3D00A9F8D3 /* Release */ = {
			isa = XCBuildConfiguration;
			buildSettings = {
				ASSETCATALOG_COMPILER_APPICON_NAME = Containers;
				ASSETCATALOG_COMPILER_GLOBAL_ACCENT_COLOR_NAME = AccentColor;
				AUTOMATION_APPLE_EVENTS = NO;
				CODE_SIGN_ENTITLEMENTS = "Containers/Supporting Files/Containers.entitlements";
				CODE_SIGN_STYLE = Automatic;
				COMBINE_HIDPI_IMAGES = YES;
				CURRENT_PROJECT_VERSION = 7;
				DEAD_CODE_STRIPPING = YES;
				DEVELOPMENT_TEAM = ZTW69M5NDR;
				ENABLE_APP_SANDBOX = YES;
				ENABLE_HARDENED_RUNTIME = YES;
				ENABLE_INCOMING_NETWORK_CONNECTIONS = YES;
				ENABLE_OUTGOING_NETWORK_CONNECTIONS = YES;
				ENABLE_PREVIEWS = YES;
				ENABLE_RESOURCE_ACCESS_AUDIO_INPUT = NO;
				ENABLE_RESOURCE_ACCESS_CALENDARS = NO;
				ENABLE_RESOURCE_ACCESS_CAMERA = NO;
				ENABLE_RESOURCE_ACCESS_CONTACTS = NO;
				ENABLE_RESOURCE_ACCESS_LOCATION = NO;
				ENABLE_RESOURCE_ACCESS_PHOTO_LIBRARY = NO;
				ENABLE_USER_SCRIPT_SANDBOXING = NO;
				ENABLE_USER_SELECTED_FILES = readwrite;
				EXCLUDED_ARCHS = "x86-64";
				GENERATE_INFOPLIST_FILE = YES;
				INFOPLIST_KEY_CFBundleDisplayName = Containers;
				INFOPLIST_KEY_LSApplicationCategoryType = "public.app-category.productivity";
				INFOPLIST_KEY_LSUIElement = YES;
				INFOPLIST_KEY_NSHumanReadableCopyright = "";
				INFOPLIST_KEY_UIUserInterfaceStyle = Dark;
				LD_RUNPATH_SEARCH_PATHS = (
					"$(inherited)",
					"@executable_path/../Frameworks",
				);
				MACOSX_DEPLOYMENT_TARGET = 26.2;
				MARKETING_VERSION = 0.1;
				OTHER_SWIFT_FLAGS = "";
				PRODUCT_BUNDLE_IDENTIFIER = app.containers.Containers;
				PRODUCT_NAME = "$(TARGET_NAME)";
				REGISTER_APP_GROUPS = YES;
				RUNTIME_EXCEPTION_ALLOW_DYLD_ENVIRONMENT_VARIABLES = NO;
				RUNTIME_EXCEPTION_ALLOW_JIT = NO;
				RUNTIME_EXCEPTION_ALLOW_UNSIGNED_EXECUTABLE_MEMORY = NO;
				RUNTIME_EXCEPTION_DEBUGGING_TOOL = NO;
				RUNTIME_EXCEPTION_DISABLE_EXECUTABLE_PAGE_PROTECTION = NO;
				RUNTIME_EXCEPTION_DISABLE_LIBRARY_VALIDATION = NO;
				STRING_CATALOG_GENERATE_SYMBOLS = YES;
				SWIFT_DEFAULT_ACTOR_ISOLATION = MainActor;
				SWIFT_EMIT_LOC_STRINGS = YES;
				SWIFT_UPCOMING_FEATURE_MEMBER_IMPORT_VISIBILITY = YES;
				SWIFT_VERSION = 6.0;
			};
			name = Release;
		};
/* End XCBuildConfiguration section */

/* Begin XCConfigurationList section */
		7735086A2F34E40500C5471F /* Build configuration list for PBXNativeTarget "ContainerSystemTests" */ = {
			isa = XCConfigurationList;
			buildConfigurations = (
				7735086B2F34E40500C5471F /* Debug */,
				7735086C2F34E40500C5471F /* Release */,
			);
			defaultConfigurationIsVisible = 0;
			defaultConfigurationName = Release;
		};
		773509112F34EA2F00C5471F /* Build configuration list for PBXNativeTarget "ContainerSystem" */ = {
			isa = XCConfigurationList;
			buildConfigurations = (
				773509122F34EA2F00C5471F /* Debug */,
				773509132F34EA2F00C5471F /* Release */,
			);
			defaultConfigurationIsVisible = 0;
			defaultConfigurationName = Release;
		};
		9829EC3D2E17BA3C00A9F8D3 /* Build configuration list for PBXProject "Containers" */ = {
			isa = XCConfigurationList;
			buildConfigurations = (
				9829EC4B2E17BA3D00A9F8D3 /* Debug */,
				9829EC4C2E17BA3D00A9F8D3 /* Release */,
			);
			defaultConfigurationIsVisible = 0;
			defaultConfigurationName = Release;
		};
		9829EC4D2E17BA3D00A9F8D3 /* Build configuration list for PBXNativeTarget "Containers" */ = {
			isa = XCConfigurationList;
			buildConfigurations = (
				9829EC4E2E17BA3D00A9F8D3 /* Debug */,
				9829EC4F2E17BA3D00A9F8D3 /* Release */,
			);
			defaultConfigurationIsVisible = 0;
			defaultConfigurationName = Release;
		};
/* End XCConfigurationList section */

/* Begin XCRemoteSwiftPackageReference section */
		77C44F192F698D0600167C4D /* XCRemoteSwiftPackageReference "containerization" */ = {
			isa = XCRemoteSwiftPackageReference;
			repositoryURL = "https://github.com/apple/containerization";
			requirement = {
				kind = upToNextMajorVersion;
				minimumVersion = 0.28.0;
			};
		};
/* End XCRemoteSwiftPackageReference section */

/* Begin XCSwiftPackageProductDependency section */
		77C44F1A2F698D0600167C4D /* Containerization */ = {
			isa = XCSwiftPackageProductDependency;
			package = 77C44F192F698D0600167C4D /* XCRemoteSwiftPackageReference "containerization" */;
			productName = Containerization;
		};
		77C44F1C2F698D0600167C4D /* ContainerizationArchive */ = {
			isa = XCSwiftPackageProductDependency;
			package = 77C44F192F698D0600167C4D /* XCRemoteSwiftPackageReference "containerization" */;
			productName = ContainerizationArchive;
		};
		77C44F1E2F698D0600167C4D /* ContainerizationEXT4 */ = {
			isa = XCSwiftPackageProductDependency;
			package = 77C44F192F698D0600167C4D /* XCRemoteSwiftPackageReference "containerization" */;
			productName = ContainerizationEXT4;
		};
		77C44F202F698D0600167C4D /* ContainerizationExtras */ = {
			isa = XCSwiftPackageProductDependency;
			package = 77C44F192F698D0600167C4D /* XCRemoteSwiftPackageReference "containerization" */;
			productName = ContainerizationExtras;
		};
		77C44F222F698D0600167C4D /* ContainerizationIO */ = {
			isa = XCSwiftPackageProductDependency;
			package = 77C44F192F698D0600167C4D /* XCRemoteSwiftPackageReference "containerization" */;
			productName = ContainerizationIO;
		};
		77C44F242F698E9A00167C4D /* ContainerizationOCI */ = {
			isa = XCSwiftPackageProductDependency;
			package = 77C44F192F698D0600167C4D /* XCRemoteSwiftPackageReference "containerization" */;
			productName = ContainerizationOCI;
		};
/* End XCSwiftPackageProductDependency section */
	};
	rootObject = 9829EC3A2E17BA3C00A9F8D3 /* Project object */;
}
